// !$*UTF8*$!
{
	archiveVersion = 1;
	classes = {
	};
	objectVersion = 51;
	objects = {

/* Begin PBXBuildFile section */
		1726B09322DAA21C00772577 /* TopViewReactor.swift in Sources */ = {isa = PBXBuildFile; fileRef = 1726B09222DAA21C00772577 /* TopViewReactor.swift */; };
		1783718D22D2184800AAC50F /* AppDelegate.swift in Sources */ = {isa = PBXBuildFile; fileRef = 1783718C22D2184800AAC50F /* AppDelegate.swift */; };
		1783718F22D2184800AAC50F /* TopViewController.swift in Sources */ = {isa = PBXBuildFile; fileRef = 1783718E22D2184800AAC50F /* TopViewController.swift */; };
		1783719222D2184800AAC50F /* Main.storyboard in Resources */ = {isa = PBXBuildFile; fileRef = 1783719022D2184800AAC50F /* Main.storyboard */; };
		1783719422D2184A00AAC50F /* Assets.xcassets in Resources */ = {isa = PBXBuildFile; fileRef = 1783719322D2184A00AAC50F /* Assets.xcassets */; };
		1783719722D2184A00AAC50F /* LaunchScreen.storyboard in Resources */ = {isa = PBXBuildFile; fileRef = 1783719522D2184A00AAC50F /* LaunchScreen.storyboard */; };
		178371A122D21CB000AAC50F /* ReactorKitRuntime.framework in Frameworks */ = {isa = PBXBuildFile; fileRef = 1783719F22D21CB000AAC50F /* ReactorKitRuntime.framework */; };
		178371A222D21CB000AAC50F /* ReactorKit.framework in Frameworks */ = {isa = PBXBuildFile; fileRef = 178371A022D21CB000AAC50F /* ReactorKit.framework */; };
		178371A622D21F9200AAC50F /* RxCocoa.framework in Frameworks */ = {isa = PBXBuildFile; fileRef = 178371A322D21F9200AAC50F /* RxCocoa.framework */; };
		178371A722D21F9200AAC50F /* RxRelay.framework in Frameworks */ = {isa = PBXBuildFile; fileRef = 178371A422D21F9200AAC50F /* RxRelay.framework */; };
		178371A822D21F9200AAC50F /* RxSwift.framework in Frameworks */ = {isa = PBXBuildFile; fileRef = 178371A522D21F9200AAC50F /* RxSwift.framework */; };
/* End PBXBuildFile section */

/* Begin PBXFileReference section */
		1726B09222DAA21C00772577 /* TopViewReactor.swift */ = {isa = PBXFileReference; lastKnownFileType = sourcecode.swift; path = TopViewReactor.swift; sourceTree = "<group>"; };
		1783718922D2184800AAC50F /* ReactorKit-Sample.app */ = {isa = PBXFileReference; explicitFileType = wrapper.application; includeInIndex = 0; path = "ReactorKit-Sample.app"; sourceTree = BUILT_PRODUCTS_DIR; };
		1783718C22D2184800AAC50F /* AppDelegate.swift */ = {isa = PBXFileReference; lastKnownFileType = sourcecode.swift; path = AppDelegate.swift; sourceTree = "<group>"; };
		1783718E22D2184800AAC50F /* TopViewController.swift */ = {isa = PBXFileReference; lastKnownFileType = sourcecode.swift; path = TopViewController.swift; sourceTree = "<group>"; };
		1783719122D2184800AAC50F /* Base */ = {isa = PBXFileReference; lastKnownFileType = file.storyboard; name = Base; path = Base.lproj/Main.storyboard; sourceTree = "<group>"; };
		1783719322D2184A00AAC50F /* Assets.xcassets */ = {isa = PBXFileReference; lastKnownFileType = folder.assetcatalog; path = Assets.xcassets; sourceTree = "<group>"; };
		1783719622D2184A00AAC50F /* Base */ = {isa = PBXFileReference; lastKnownFileType = file.storyboard; name = Base; path = Base.lproj/LaunchScreen.storyboard; sourceTree = "<group>"; };
		1783719822D2184A00AAC50F /* Info.plist */ = {isa = PBXFileReference; lastKnownFileType = text.plist.xml; path = Info.plist; sourceTree = "<group>"; };
		1783719F22D21CB000AAC50F /* ReactorKitRuntime.framework */ = {isa = PBXFileReference; lastKnownFileType = wrapper.framework; name = ReactorKitRuntime.framework; path = Carthage/Build/iOS/ReactorKitRuntime.framework; sourceTree = "<group>"; };
		178371A022D21CB000AAC50F /* ReactorKit.framework */ = {isa = PBXFileReference; lastKnownFileType = wrapper.framework; name = ReactorKit.framework; path = Carthage/Build/iOS/ReactorKit.framework; sourceTree = "<group>"; };
		178371A322D21F9200AAC50F /* RxCocoa.framework */ = {isa = PBXFileReference; lastKnownFileType = wrapper.framework; name = RxCocoa.framework; path = Carthage/Build/iOS/RxCocoa.framework; sourceTree = "<group>"; };
		178371A422D21F9200AAC50F /* RxRelay.framework */ = {isa = PBXFileReference; lastKnownFileType = wrapper.framework; name = RxRelay.framework; path = Carthage/Build/iOS/RxRelay.framework; sourceTree = "<group>"; };
		178371A522D21F9200AAC50F /* RxSwift.framework */ = {isa = PBXFileReference; lastKnownFileType = wrapper.framework; name = RxSwift.framework; path = Carthage/Build/iOS/RxSwift.framework; sourceTree = "<group>"; };
		178371A922D21FD200AAC50F /* input.xcfilelist */ = {isa = PBXFileReference; lastKnownFileType = text.xcfilelist; path = input.xcfilelist; sourceTree = "<group>"; };
/* End PBXFileReference section */

/* Begin PBXFrameworksBuildPhase section */
		1783718622D2184800AAC50F /* Frameworks */ = {
			isa = PBXFrameworksBuildPhase;
			buildActionMask = 2147483647;
			files = (
				178371A122D21CB000AAC50F /* ReactorKitRuntime.framework in Frameworks */,
				178371A222D21CB000AAC50F /* ReactorKit.framework in Frameworks */,
				178371A622D21F9200AAC50F /* RxCocoa.framework in Frameworks */,
				178371A722D21F9200AAC50F /* RxRelay.framework in Frameworks */,
				178371A822D21F9200AAC50F /* RxSwift.framework in Frameworks */,
			);
			runOnlyForDeploymentPostprocessing = 0;
		};
/* End PBXFrameworksBuildPhase section */

/* Begin PBXGroup section */
		1783718022D2184800AAC50F = {
			isa = PBXGroup;
			children = (
				1783718B22D2184800AAC50F /* ReactorKit-Sample */,
				1783718A22D2184800AAC50F /* Products */,
				1783719E22D21CAF00AAC50F /* Frameworks */,
			);
			sourceTree = "<group>";
		};
		1783718A22D2184800AAC50F /* Products */ = {
			isa = PBXGroup;
			children = (
				1783718922D2184800AAC50F /* ReactorKit-Sample.app */,
			);
			name = Products;
			sourceTree = "<group>";
		};
		1783718B22D2184800AAC50F /* ReactorKit-Sample */ = {
			isa = PBXGroup;
			children = (
				1783718C22D2184800AAC50F /* AppDelegate.swift */,
				1783718E22D2184800AAC50F /* TopViewController.swift */,
				1783719022D2184800AAC50F /* Main.storyboard */,
				1726B09222DAA21C00772577 /* TopViewReactor.swift */,
				1783719322D2184A00AAC50F /* Assets.xcassets */,
				1783719522D2184A00AAC50F /* LaunchScreen.storyboard */,
				1783719822D2184A00AAC50F /* Info.plist */,
				178371A922D21FD200AAC50F /* input.xcfilelist */,
			);
			path = "ReactorKit-Sample";
			sourceTree = "<group>";
		};
		1783719E22D21CAF00AAC50F /* Frameworks */ = {
			isa = PBXGroup;
			children = (
				178371A322D21F9200AAC50F /* RxCocoa.framework */,
				178371A422D21F9200AAC50F /* RxRelay.framework */,
				178371A522D21F9200AAC50F /* RxSwift.framework */,
				178371A022D21CB000AAC50F /* ReactorKit.framework */,
				1783719F22D21CB000AAC50F /* ReactorKitRuntime.framework */,
			);
			name = Frameworks;
			sourceTree = "<group>";
		};
/* End PBXGroup section */

/* Begin PBXNativeTarget section */
		1783718822D2184800AAC50F /* ReactorKit-Sample */ = {
			isa = PBXNativeTarget;
			buildConfigurationList = 1783719B22D2184A00AAC50F /* Build configuration list for PBXNativeTarget "ReactorKit-Sample" */;
			buildPhases = (
				1783718522D2184800AAC50F /* Sources */,
				1783718622D2184800AAC50F /* Frameworks */,
				1783718722D2184800AAC50F /* Resources */,
				1783724222D3817900AAC50F /* carthage */,
			);
			buildRules = (
			);
			dependencies = (
			);
			name = "ReactorKit-Sample";
			productName = "ReactorKit-Sample";
			productReference = 1783718922D2184800AAC50F /* ReactorKit-Sample.app */;
			productType = "com.apple.product-type.application";
		};
/* End PBXNativeTarget section */

/* Begin PBXProject section */
		1783718122D2184800AAC50F /* Project object */ = {
			isa = PBXProject;
			attributes = {
				LastSwiftUpdateCheck = 1020;
				LastUpgradeCheck = 1020;
				ORGANIZATIONNAME = takuyaohsawa;
				TargetAttributes = {
					1783718822D2184800AAC50F = {
						CreatedOnToolsVersion = 10.2.1;
					};
				};
			};
			buildConfigurationList = 1783718422D2184800AAC50F /* Build configuration list for PBXProject "ReactorKit-Sample" */;
			compatibilityVersion = "Xcode 9.3";
			developmentRegion = en;
			hasScannedForEncodings = 0;
			knownRegions = (
				en,
				Base,
			);
			mainGroup = 1783718022D2184800AAC50F;
			productRefGroup = 1783718A22D2184800AAC50F /* Products */;
			projectDirPath = "";
			projectRoot = "";
			targets = (
				1783718822D2184800AAC50F /* ReactorKit-Sample */,
			);
		};
/* End PBXProject section */

/* Begin PBXResourcesBuildPhase section */
		1783718722D2184800AAC50F /* Resources */ = {
			isa = PBXResourcesBuildPhase;
			buildActionMask = 2147483647;
			files = (
				1783719722D2184A00AAC50F /* LaunchScreen.storyboard in Resources */,
				1783719422D2184A00AAC50F /* Assets.xcassets in Resources */,
				1783719222D2184800AAC50F /* Main.storyboard in Resources */,
			);
			runOnlyForDeploymentPostprocessing = 0;
		};
/* End PBXResourcesBuildPhase section */

/* Begin PBXShellScriptBuildPhase section */
		1783724222D3817900AAC50F /* carthage */ = {
			isa = PBXShellScriptBuildPhase;
			buildActionMask = 2147483647;
			files = (
			);
			inputFileListPaths = (
				"$(SRCROOT)/ReactorKit-Sample/input.xcfilelist",
			);
			inputPaths = (
			);
			name = carthage;
			outputFileListPaths = (
			);
			outputPaths = (
			);
			runOnlyForDeploymentPostprocessing = 0;
			shellPath = /bin/sh;
			shellScript = "/usr/local/bin/carthage copy-frameworks\n";
		};
/* End PBXShellScriptBuildPhase section */

/* Begin PBXSourcesBuildPhase section */
		1783718522D2184800AAC50F /* Sources */ = {
			isa = PBXSourcesBuildPhase;
			buildActionMask = 2147483647;
			files = (
				1783718F22D2184800AAC50F /* TopViewController.swift in Sources */,
				1726B09322DAA21C00772577 /* TopViewReactor.swift in Sources */,
				1783718D22D2184800AAC50F /* AppDelegate.swift in Sources */,
			);
			runOnlyForDeploymentPostprocessing = 0;
		};
/* End PBXSourcesBuildPhase section */

/* Begin PBXVariantGroup section */
		1783719022D2184800AAC50F /* Main.storyboard */ = {
			isa = PBXVariantGroup;
			children = (
				1783719122D2184800AAC50F /* Base */,
			);
			name = Main.storyboard;
			sourceTree = "<group>";
		};
		1783719522D2184A00AAC50F /* LaunchScreen.storyboard */ = {
			isa = PBXVariantGroup;
			children = (
				1783719622D2184A00AAC50F /* Base */,
			);
			name = LaunchScreen.storyboard;
			sourceTree = "<group>";
		};
/* End PBXVariantGroup section */

/* Begin XCBuildConfiguration section */
		1783719922D2184A00AAC50F /* Debug */ = {
			isa = XCBuildConfiguration;
			buildSettings = {
				ALWAYS_SEARCH_USER_PATHS = NO;
				CLANG_ANALYZER_NONNULL = YES;
				CLANG_ANALYZER_NUMBER_OBJECT_CONVERSION = YES_AGGRESSIVE;
				CLANG_CXX_LANGUAGE_STANDARD = "gnu++14";
				CLANG_CXX_LIBRARY = "libc++";
				CLANG_ENABLE_MODULES = YES;
				CLANG_ENABLE_OBJC_ARC = YES;
				CLANG_ENABLE_OBJC_WEAK = YES;
				CLANG_WARN_BLOCK_CAPTURE_AUTORELEASING = YES;
				CLANG_WARN_BOOL_CONVERSION = YES;
				CLANG_WARN_COMMA = YES;
				CLANG_WARN_CONSTANT_CONVERSION = YES;
				CLANG_WARN_DEPRECATED_OBJC_IMPLEMENTATIONS = YES;
				CLANG_WARN_DIRECT_OBJC_ISA_USAGE = YES_ERROR;
				CLANG_WARN_DOCUMENTATION_COMMENTS = YES;
				CLANG_WARN_EMPTY_BODY = YES;
				CLANG_WARN_ENUM_CONVERSION = YES;
				CLANG_WARN_INFINITE_RECURSION = YES;
				CLANG_WARN_INT_CONVERSION = YES;
				CLANG_WARN_NON_LITERAL_NULL_CONVERSION = YES;
				CLANG_WARN_OBJC_IMPLICIT_RETAIN_SELF = YES;
				CLANG_WARN_OBJC_LITERAL_CONVERSION = YES;
				CLANG_WARN_OBJC_ROOT_CLASS = YES_ERROR;
				CLANG_WARN_RANGE_LOOP_ANALYSIS = YES;
				CLANG_WARN_STRICT_PROTOTYPES = YES;
				CLANG_WARN_SUSPICIOUS_MOVE = YES;
				CLANG_WARN_UNGUARDED_AVAILABILITY = YES_AGGRESSIVE;
				CLANG_WARN_UNREACHABLE_CODE = YES;
				CLANG_WARN__DUPLICATE_METHOD_MATCH = YES;
				CODE_SIGN_IDENTITY = "iPhone Developer";
				COPY_PHASE_STRIP = NO;
				DEBUG_INFORMATION_FORMAT = dwarf;
				ENABLE_STRICT_OBJC_MSGSEND = YES;
				ENABLE_TESTABILITY = YES;
				GCC_C_LANGUAGE_STANDARD = gnu11;
				GCC_DYNAMIC_NO_PIC = NO;
				GCC_NO_COMMON_BLOCKS = YES;
				GCC_OPTIMIZATION_LEVEL = 0;
				GCC_PREPROCESSOR_DEFINITIONS = (
					"DEBUG=1",
					"$(inherited)",
				);
				GCC_WARN_64_TO_32_BIT_CONVERSION = YES;
				GCC_WARN_ABOUT_RETURN_TYPE = YES_ERROR;
				GCC_WARN_UNDECLARED_SELECTOR = YES;
				GCC_WARN_UNINITIALIZED_AUTOS = YES_AGGRESSIVE;
				GCC_WARN_UNUSED_FUNCTION = YES;
				GCC_WARN_UNUSED_VARIABLE = YES;
				IPHONEOS_DEPLOYMENT_TARGET = 12.2;
				MTL_ENABLE_DEBUG_INFO = INCLUDE_SOURCE;
				MTL_FAST_MATH = YES;
				ONLY_ACTIVE_ARCH = YES;
				SDKROOT = iphoneos;
				SWIFT_ACTIVE_COMPILATION_CONDITIONS = DEBUG;
				SWIFT_OPTIMIZATION_LEVEL = "-Onone";
			};
			name = Debug;
		};
		1783719A22D2184A00AAC50F /* Release */ = {
			isa = XCBuildConfiguration;
			buildSettings = {
				ALWAYS_SEARCH_USER_PATHS = NO;
				CLANG_ANALYZER_NONNULL = YES;
				CLANG_ANALYZER_NUMBER_OBJECT_CONVERSION = YES_AGGRESSIVE;
				CLANG_CXX_LANGUAGE_STANDARD = "gnu++14";
				CLANG_CXX_LIBRARY = "libc++";
				CLANG_ENABLE_MODULES = YES;
				CLANG_ENABLE_OBJC_ARC = YES;
				CLANG_ENABLE_OBJC_WEAK = YES;
				CLANG_WARN_BLOCK_CAPTURE_AUTORELEASING = YES;
				CLANG_WARN_BOOL_CONVERSION = YES;
				CLANG_WARN_COMMA = YES;
				CLANG_WARN_CONSTANT_CONVERSION = YES;
				CLANG_WARN_DEPRECATED_OBJC_IMPLEMENTATIONS = YES;
				CLANG_WARN_DIRECT_OBJC_ISA_USAGE = YES_ERROR;
				CLANG_WARN_DOCUMENTATION_COMMENTS = YES;
				CLANG_WARN_EMPTY_BODY = YES;
				CLANG_WARN_ENUM_CONVERSION = YES;
				CLANG_WARN_INFINITE_RECURSION = YES;
				CLANG_WARN_INT_CONVERSION = YES;
				CLANG_WARN_NON_LITERAL_NULL_CONVERSION = YES;
				CLANG_WARN_OBJC_IMPLICIT_RETAIN_SELF = YES;
				CLANG_WARN_OBJC_LITERAL_CONVERSION = YES;
				CLANG_WARN_OBJC_ROOT_CLASS = YES_ERROR;
				CLANG_WARN_RANGE_LOOP_ANALYSIS = YES;
				CLANG_WARN_STRICT_PROTOTYPES = YES;
				CLANG_WARN_SUSPICIOUS_MOVE = YES;
				CLANG_WARN_UNGUARDED_AVAILABILITY = YES_AGGRESSIVE;
				CLANG_WARN_UNREACHABLE_CODE = YES;
				CLANG_WARN__DUPLICATE_METHOD_MATCH = YES;
				CODE_SIGN_IDENTITY = "iPhone Developer";
				COPY_PHASE_STRIP = NO;
				DEBUG_INFORMATION_FORMAT = "dwarf-with-dsym";
				ENABLE_NS_ASSERTIONS = NO;
				ENABLE_STRICT_OBJC_MSGSEND = YES;
				GCC_C_LANGUAGE_STANDARD = gnu11;
				GCC_NO_COMMON_BLOCKS = YES;
				GCC_WARN_64_TO_32_BIT_CONVERSION = YES;
				GCC_WARN_ABOUT_RETURN_TYPE = YES_ERROR;
				GCC_WARN_UNDECLARED_SELECTOR = YES;
				GCC_WARN_UNINITIALIZED_AUTOS = YES_AGGRESSIVE;
				GCC_WARN_UNUSED_FUNCTION = YES;
				GCC_WARN_UNUSED_VARIABLE = YES;
				IPHONEOS_DEPLOYMENT_TARGET = 12.2;
				MTL_ENABLE_DEBUG_INFO = NO;
				MTL_FAST_MATH = YES;
				SDKROOT = iphoneos;
				SWIFT_COMPILATION_MODE = wholemodule;
				SWIFT_OPTIMIZATION_LEVEL = "-O";
				VALIDATE_PRODUCT = YES;
			};
			name = Release;
		};
		1783719C22D2184A00AAC50F /* Debug */ = {
			isa = XCBuildConfiguration;
			buildSettings = {
				ASSETCATALOG_COMPILER_APPICON_NAME = AppIcon;
				CODE_SIGN_STYLE = Automatic;
				DEVELOPMENT_TEAM = P4GR5U4Y4Q;
				FRAMEWORK_SEARCH_PATHS = (
					"$(inherited)",
					"$(PROJECT_DIR)/Carthage/Build/iOS",
				);
				INFOPLIST_FILE = "ReactorKit-Sample/Info.plist";
				IPHONEOS_DEPLOYMENT_TARGET = 12.0;
				LD_RUNPATH_SEARCH_PATHS = (
					"$(inherited)",
					"@executable_path/Frameworks",
				);
				PRODUCT_BUNDLE_IDENTIFIER = "takuyaohsawa.ReactorKit-Sample";
				PRODUCT_NAME = "$(TARGET_NAME)";
				SWIFT_VERSION = 5.0;
				TARGETED_DEVICE_FAMILY = 1;
			};
			name = Debug;
		};
		1783719D22D2184A00AAC50F /* Release */ = {
			isa = XCBuildConfiguration;
			buildSettings = {
				ASSETCATALOG_COMPILER_APPICON_NAME = AppIcon;
				CODE_SIGN_STYLE = Automatic;
				DEVELOPMENT_TEAM = P4GR5U4Y4Q;
				FRAMEWORK_SEARCH_PATHS = (
					"$(inherited)",
					"$(PROJECT_DIR)/Carthage/Build/iOS",
				);
				INFOPLIST_FILE = "ReactorKit-Sample/Info.plist";
				IPHONEOS_DEPLOYMENT_TARGET = 12.0;
				LD_RUNPATH_SEARCH_PATHS = (
					"$(inherited)",
					"@executable_path/Frameworks",
				);
				PRODUCT_BUNDLE_IDENTIFIER = "takuyaohsawa.ReactorKit-Sample";
				PRODUCT_NAME = "$(TARGET_NAME)";
				SWIFT_VERSION = 5.0;
				TARGETED_DEVICE_FAMILY = 1;
			};
			name = Release;
		};
/* End XCBuildConfiguration section */

/* Begin XCConfigurationList section */
		1783718422D2184800AAC50F /* Build configuration list for PBXProject "ReactorKit-Sample" */ = {
			isa = XCConfigurationList;
			buildConfigurations = (
				1783719922D2184A00AAC50F /* Debug */,
				1783719A22D2184A00AAC50F /* Release */,
			);
			defaultConfigurationIsVisible = 0;
			defaultConfigurationName = Release;
		};
		1783719B22D2184A00AAC50F /* Build configuration list for PBXNativeTarget "ReactorKit-Sample" */ = {
			isa = XCConfigurationList;
			buildConfigurations = (
				1783719C22D2184A00AAC50F /* Debug */,
				1783719D22D2184A00AAC50F /* Release */,
			);
			defaultConfigurationIsVisible = 0;
			defaultConfigurationName = Release;
		};
/* End XCConfigurationList section */
	};
	rootObject = 1783718122D2184800AAC50F /* Project object */;
}
